
Microsoft Visual Studio Solution File, Format Version 12.00
# Visual Studio Version 17
VisualStudioVersion = 17.5.002.0
MinimumVisualStudioVersion = 10.0.40219.1
Project("{9A19103F-16F7-4668-BE54-9A1E7A4F7556}") = "Pizzaria.WebAPI", "Pizzaria.WebAPI\WebAPI.csproj", "{8DF5D5D7-A38A-49FF-BC03-96D481CB6EF6}"
EndProject
Project("{FAE04EC0-301F-11D3-BF4B-00C04F79EFBC}") = "Pizzaria.Domain", "Pizzaria.Domain\Pizzaria.Domain.csproj", "{D536CD0E-CBDE-4676-B93A-52B5A172CC6A}"
EndProject
Global
	GlobalSection(SolutionConfigurationPlatforms) = preSolution
		Debug|Any CPU = Debug|Any CPU
		Release|Any CPU = Release|Any CPU
	EndGlobalSection
	GlobalSection(ProjectConfigurationPlatforms) = postSolution
		{8DF5D5D7-A38A-49FF-BC03-96D481CB6EF6}.Debug|Any CPU.ActiveCfg = Debug|Any CPU
		{8DF5D5D7-A38A-49FF-BC03-96D481CB6EF6}.Debug|Any CPU.Build.0 = Debug|Any CPU
		{8DF5D5D7-A38A-49FF-BC03-96D481CB6EF6}.Release|Any CPU.ActiveCfg = Release|Any CPU
		{8DF5D5D7-A38A-49FF-BC03-96D481CB6EF6}.Release|Any CPU.Build.0 = Release|Any CPU
		{D536CD0E-CBDE-4676-B93A-52B5A172CC6A}.Debug|Any CPU.ActiveCfg = Debug|Any CPU
		{D536CD0E-CBDE-4676-B93A-52B5A172CC6A}.Debug|Any CPU.Build.0 = Debug|Any CPU
		{D536CD0E-CBDE-4676-B93A-52B5A172CC6A}.Release|Any CPU.ActiveCfg = Release|Any CPU
		{D536CD0E-CBDE-4676-B93A-52B5A172CC6A}.Release|Any CPU.Build.0 = Release|Any CPU
	EndGlobalSection
	GlobalSection(SolutionProperties) = preSolution
		HideSolutionNode = FALSE
	EndGlobalSection
	GlobalSection(ExtensibilityGlobals) = postSolution
		SolutionGuid = {410FC298-EB8C-4B4C-98FE-F2BF06A39537}
	EndGlobalSection
EndGlobal
